
Microsoft Visual Studio Solution File, Format Version 12.00
# Visual Studio 15
VisualStudioVersion = 15.0.28307.902
MinimumVisualStudioVersion = 10.0.40219.1
Project("{FAE04EC0-301F-11D3-BF4B-00C04F79EFBC}") = "GP", "GP\GP.csproj", "{E6C39690-AC39-4A76-86C3-1A6356C0841B}"
EndProject
Global
	GlobalSection(SolutionConfigurationPlatforms) = preSolution
		Debug|Any CPU = Debug|Any CPU
		Release|Any CPU = Release|Any CPU
	EndGlobalSection
	GlobalSection(ProjectConfigurationPlatforms) = postSolution
		{E6C39690-AC39-4A76-86C3-1A6356C0841B}.Debug|Any CPU.ActiveCfg = Debug|Any CPU
		{E6C39690-AC39-4A76-86C3-1A6356C0841B}.Debug|Any CPU.Build.0 = Debug|Any CPU
		{E6C39690-AC39-4A76-86C3-1A6356C0841B}.Release|Any CPU.ActiveCfg = Release|Any CPU
		{E6C39690-AC39-4A76-86C3-1A6356C0841B}.Release|Any CPU.Build.0 = Release|Any CPU
	EndGlobalSection
	GlobalSection(SolutionProperties) = preSolution
		HideSolutionNode = FALSE
	EndGlobalSection
	GlobalSection(ExtensibilityGlobals) = postSolution
		SolutionGuid = {0C5E1A39-B6B5-46A6-B5CE-0114D27654F8}
	EndGlobalSection
EndGlobal
